
Microsoft Visual Studio Solution File, Format Version 12.00
# Visual Studio Version 16
VisualStudioVersion = 16.0.31112.23
MinimumVisualStudioVersion = 10.0.40219.1
Project("{FAE04EC0-301F-11D3-BF4B-00C04F79EFBC}") = "WebApi2_Livros", "WebApi2_Livros.csproj", "{A350033F-6859-4923-BD73-AA4425931C3C}"
EndProject
Global
	GlobalSection(SolutionConfigurationPlatforms) = preSolution
		Debug|Any CPU = Debug|Any CPU
		Release|Any CPU = Release|Any CPU
	EndGlobalSection
	GlobalSection(ProjectConfigurationPlatforms) = postSolution
		{A350033F-6859-4923-BD73-AA4425931C3C}.Debug|Any CPU.ActiveCfg = Debug|Any CPU
		{A350033F-6859-4923-BD73-AA4425931C3C}.Debug|Any CPU.Build.0 = Debug|Any CPU
		{A350033F-6859-4923-BD73-AA4425931C3C}.Release|Any CPU.ActiveCfg = Release|Any CPU
		{A350033F-6859-4923-BD73-AA4425931C3C}.Release|Any CPU.Build.0 = Release|Any CPU
	EndGlobalSection
	GlobalSection(SolutionProperties) = preSolution
		HideSolutionNode = FALSE
	EndGlobalSection
	GlobalSection(ExtensibilityGlobals) = postSolution
		SolutionGuid = {EF539431-1D26-4AD5-957D-F53031A01235}
	EndGlobalSection
EndGlobal
